
Microsoft Visual Studio Solution File, Format Version 11.00
# Visual Studio 2010
Project("{8BC9CEB8-8B4A-11D0-8D11-00A0C91BC942}") = "LnpCAM", "LnpCAM\LnpCAM.vcxproj", "{494F002B-B3FE-4B19-9E15-F58396B4320B}"
EndProject
Project("{8BC9CEB8-8B4A-11D0-8D11-00A0C91BC942}") = "CFile_DxfDLL", "CFile_DxfDLL\CFile_DxfDLL.vcxproj", "{BE8B7928-49B4-464C-9E70-A5193D08C9AB}"
EndProject
Project("{8BC9CEB8-8B4A-11D0-8D11-00A0C91BC942}") = "CFile_EntityDLL", "CFile_EntityDLL\CFile_EntityDLL.vcxproj", "{0C9BD846-8A59-4684-94DB-4A01500C9B6B}"
EndProject
Project("{8BC9CEB8-8B4A-11D0-8D11-00A0C91BC942}") = "CFile_BasDLL", "CFile_BasDLL\CFile_BasDLL.vcxproj", "{D62C67FE-3C11-4A1F-AE3D-A3E573753462}"
EndProject
Project("{8BC9CEB8-8B4A-11D0-8D11-00A0C91BC942}") = "CFile_DrlDLL", "CFile_DrlDLL\CFile_DrlDLL.vcxproj", "{28B6B15F-F736-4A04-8759-C99E5F7D819A}"
EndProject
Project("{8BC9CEB8-8B4A-11D0-8D11-00A0C91BC942}") = "CFile_GbrDLL", "CFile_GbrDLL\CFile_GbrDLL.vcxproj", "{CA017D60-DA6C-4A1D-B1D7-158056F3366E}"
EndProject
Project("{8BC9CEB8-8B4A-11D0-8D11-00A0C91BC942}") = "CFile_LpdDLL", "CFile_LpdDLL\CFile_LpdDLL.vcxproj", "{18F4A461-6C52-46FE-928A-AFA1DE9D8C43}"
EndProject
Global
	GlobalSection(SolutionConfigurationPlatforms) = preSolution
		Debug|Win32 = Debug|Win32
		Release|Win32 = Release|Win32
	EndGlobalSection
	GlobalSection(ProjectConfigurationPlatforms) = postSolution
		{494F002B-B3FE-4B19-9E15-F58396B4320B}.Debug|Win32.ActiveCfg = Debug|Win32
		{494F002B-B3FE-4B19-9E15-F58396B4320B}.Debug|Win32.Build.0 = Debug|Win32
		{494F002B-B3FE-4B19-9E15-F58396B4320B}.Release|Win32.ActiveCfg = Release|Win32
		{494F002B-B3FE-4B19-9E15-F58396B4320B}.Release|Win32.Build.0 = Release|Win32
		{BE8B7928-49B4-464C-9E70-A5193D08C9AB}.Debug|Win32.ActiveCfg = Debug|Win32
		{BE8B7928-49B4-464C-9E70-A5193D08C9AB}.Debug|Win32.Build.0 = Debug|Win32
		{BE8B7928-49B4-464C-9E70-A5193D08C9AB}.Release|Win32.ActiveCfg = Release|Win32
		{BE8B7928-49B4-464C-9E70-A5193D08C9AB}.Release|Win32.Build.0 = Release|Win32
		{0C9BD846-8A59-4684-94DB-4A01500C9B6B}.Debug|Win32.ActiveCfg = Debug|Win32
		{0C9BD846-8A59-4684-94DB-4A01500C9B6B}.Debug|Win32.Build.0 = Debug|Win32
		{0C9BD846-8A59-4684-94DB-4A01500C9B6B}.Release|Win32.ActiveCfg = Release|Win32
		{0C9BD846-8A59-4684-94DB-4A01500C9B6B}.Release|Win32.Build.0 = Release|Win32
		{D62C67FE-3C11-4A1F-AE3D-A3E573753462}.Debug|Win32.ActiveCfg = Debug|Win32
		{D62C67FE-3C11-4A1F-AE3D-A3E573753462}.Debug|Win32.Build.0 = Debug|Win32
		{D62C67FE-3C11-4A1F-AE3D-A3E573753462}.Release|Win32.ActiveCfg = Release|Win32
		{D62C67FE-3C11-4A1F-AE3D-A3E573753462}.Release|Win32.Build.0 = Release|Win32
		{28B6B15F-F736-4A04-8759-C99E5F7D819A}.Debug|Win32.ActiveCfg = Debug|Win32
		{28B6B15F-F736-4A04-8759-C99E5F7D819A}.Debug|Win32.Build.0 = Debug|Win32
		{28B6B15F-F736-4A04-8759-C99E5F7D819A}.Release|Win32.ActiveCfg = Release|Win32
		{28B6B15F-F736-4A04-8759-C99E5F7D819A}.Release|Win32.Build.0 = Release|Win32
		{CA017D60-DA6C-4A1D-B1D7-158056F3366E}.Debug|Win32.ActiveCfg = Debug|Win32
		{CA017D60-DA6C-4A1D-B1D7-158056F3366E}.Debug|Win32.Build.0 = Debug|Win32
		{CA017D60-DA6C-4A1D-B1D7-158056F3366E}.Release|Win32.ActiveCfg = Release|Win32
		{CA017D60-DA6C-4A1D-B1D7-158056F3366E}.Release|Win32.Build.0 = Release|Win32
		{18F4A461-6C52-46FE-928A-AFA1DE9D8C43}.Debug|Win32.ActiveCfg = Debug|Win32
		{18F4A461-6C52-46FE-928A-AFA1DE9D8C43}.Debug|Win32.Build.0 = Debug|Win32
		{18F4A461-6C52-46FE-928A-AFA1DE9D8C43}.Release|Win32.ActiveCfg = Release|Win32
		{18F4A461-6C52-46FE-928A-AFA1DE9D8C43}.Release|Win32.Build.0 = Release|Win32
	EndGlobalSection
	GlobalSection(SolutionProperties) = preSolution
		HideSolutionNode = FALSE
	EndGlobalSection
EndGlobal
